
Microsoft Visual Studio Solution File, Format Version 12.00
# Visual Studio Version 17
VisualStudioVersion = 17.2.32602.215
MinimumVisualStudioVersion = 10.0.40219.1
Project("{8BC9CEB8-8B4A-11D0-8D11-00A0C91BC942}") = "ParalelLab1_4", "ParalelLab1_4\ParalelLab1_4.vcxproj", "{52794DEB-1FFE-4D6D-A3EF-08A334426BC5}"
EndProject
Global
	GlobalSection(SolutionConfigurationPlatforms) = preSolution
		Debug|x64 = Debug|x64
		Debug|x86 = Debug|x86
		Release|x64 = Release|x64
		Release|x86 = Release|x86
	EndGlobalSection
	GlobalSection(ProjectConfigurationPlatforms) = postSolution
		{52794DEB-1FFE-4D6D-A3EF-08A334426BC5}.Debug|x64.ActiveCfg = Debug|x64
		{52794DEB-1FFE-4D6D-A3EF-08A334426BC5}.Debug|x64.Build.0 = Debug|x64
		{52794DEB-1FFE-4D6D-A3EF-08A334426BC5}.Debug|x86.ActiveCfg = Debug|Win32
		{52794DEB-1FFE-4D6D-A3EF-08A334426BC5}.Debug|x86.Build.0 = Debug|Win32
		{52794DEB-1FFE-4D6D-A3EF-08A334426BC5}.Release|x64.ActiveCfg = Release|x64
		{52794DEB-1FFE-4D6D-A3EF-08A334426BC5}.Release|x64.Build.0 = Release|x64
		{52794DEB-1FFE-4D6D-A3EF-08A334426BC5}.Release|x86.ActiveCfg = Release|Win32
		{52794DEB-1FFE-4D6D-A3EF-08A334426BC5}.Release|x86.Build.0 = Release|Win32
	EndGlobalSection
	GlobalSection(SolutionProperties) = preSolution
		HideSolutionNode = FALSE
	EndGlobalSection
	GlobalSection(ExtensibilityGlobals) = postSolution
		SolutionGuid = {021D75BD-8DC5-42D5-BB3C-06FC958C288D}
	EndGlobalSection
EndGlobal
